
Microsoft Visual Studio Solution File, Format Version 12.00
# Visual Studio Version 17
VisualStudioVersion = 17.0.32112.339
MinimumVisualStudioVersion = 10.0.40219.1
Project("{FAE04EC0-301F-11D3-BF4B-00C04F79EFBC}") = "VPOO - 034 - BobElConstructor3", "VPOO - 034 - BobElConstructor3\VPOO - 034 - BobElConstructor3.csproj", "{82022977-472A-4533-82F7-5C0CD93FF034}"
EndProject
Global
	GlobalSection(SolutionConfigurationPlatforms) = preSolution
		Debug|Any CPU = Debug|Any CPU
		Release|Any CPU = Release|Any CPU
	EndGlobalSection
	GlobalSection(ProjectConfigurationPlatforms) = postSolution
		{82022977-472A-4533-82F7-5C0CD93FF034}.Debug|Any CPU.ActiveCfg = Debug|Any CPU
		{82022977-472A-4533-82F7-5C0CD93FF034}.Debug|Any CPU.Build.0 = Debug|Any CPU
		{82022977-472A-4533-82F7-5C0CD93FF034}.Release|Any CPU.ActiveCfg = Release|Any CPU
		{82022977-472A-4533-82F7-5C0CD93FF034}.Release|Any CPU.Build.0 = Release|Any CPU
	EndGlobalSection
	GlobalSection(SolutionProperties) = preSolution
		HideSolutionNode = FALSE
	EndGlobalSection
	GlobalSection(ExtensibilityGlobals) = postSolution
		SolutionGuid = {2F7AFDF8-8978-4BD4-AC89-0ED3B60F7184}
	EndGlobalSection
EndGlobal
