
Microsoft Visual Studio Solution File, Format Version 12.00
# Visual Studio Version 17
VisualStudioVersion = 17.0.32112.339
MinimumVisualStudioVersion = 10.0.40219.1
Project("{FAE04EC0-301F-11D3-BF4B-00C04F79EFBC}") = "VPOO - 032 - BobElConstructor1", "VPOO - 032 - BobElConstructor1\VPOO - 032 - BobElConstructor1.csproj", "{448379D0-ECE8-4A8C-BFB8-2969AC8C118A}"
EndProject
Global
	GlobalSection(SolutionConfigurationPlatforms) = preSolution
		Debug|Any CPU = Debug|Any CPU
		Release|Any CPU = Release|Any CPU
	EndGlobalSection
	GlobalSection(ProjectConfigurationPlatforms) = postSolution
		{448379D0-ECE8-4A8C-BFB8-2969AC8C118A}.Debug|Any CPU.ActiveCfg = Debug|Any CPU
		{448379D0-ECE8-4A8C-BFB8-2969AC8C118A}.Debug|Any CPU.Build.0 = Debug|Any CPU
		{448379D0-ECE8-4A8C-BFB8-2969AC8C118A}.Release|Any CPU.ActiveCfg = Release|Any CPU
		{448379D0-ECE8-4A8C-BFB8-2969AC8C118A}.Release|Any CPU.Build.0 = Release|Any CPU
	EndGlobalSection
	GlobalSection(SolutionProperties) = preSolution
		HideSolutionNode = FALSE
	EndGlobalSection
	GlobalSection(ExtensibilityGlobals) = postSolution
		SolutionGuid = {45D24A0C-E796-40F3-8493-FD213B8BD104}
	EndGlobalSection
EndGlobal
