
Microsoft Visual Studio Solution File, Format Version 12.00
# Visual Studio Version 17
VisualStudioVersion = 17.0.32112.339
MinimumVisualStudioVersion = 10.0.40219.1
Project("{FAE04EC0-301F-11D3-BF4B-00C04F79EFBC}") = "VPOO - 011 - matutitoVespertidoVECTORES", "VPOO - 011 - matutitoVespertidoVECTORES\VPOO - 011 - matutitoVespertidoVECTORES.csproj", "{E708743F-228B-4843-B265-9AF61E175A1E}"
EndProject
Global
	GlobalSection(SolutionConfigurationPlatforms) = preSolution
		Debug|Any CPU = Debug|Any CPU
		Release|Any CPU = Release|Any CPU
	EndGlobalSection
	GlobalSection(ProjectConfigurationPlatforms) = postSolution
		{E708743F-228B-4843-B265-9AF61E175A1E}.Debug|Any CPU.ActiveCfg = Debug|Any CPU
		{E708743F-228B-4843-B265-9AF61E175A1E}.Debug|Any CPU.Build.0 = Debug|Any CPU
		{E708743F-228B-4843-B265-9AF61E175A1E}.Release|Any CPU.ActiveCfg = Release|Any CPU
		{E708743F-228B-4843-B265-9AF61E175A1E}.Release|Any CPU.Build.0 = Release|Any CPU
	EndGlobalSection
	GlobalSection(SolutionProperties) = preSolution
		HideSolutionNode = FALSE
	EndGlobalSection
	GlobalSection(ExtensibilityGlobals) = postSolution
		SolutionGuid = {BEA362AE-EF37-4FED-AE89-4E692D91A474}
	EndGlobalSection
EndGlobal
