
Microsoft Visual Studio Solution File, Format Version 12.00
# Visual Studio Version 17
VisualStudioVersion = 17.0.32112.339
MinimumVisualStudioVersion = 10.0.40219.1
Project("{FAE04EC0-301F-11D3-BF4B-00C04F79EFBC}") = "POO - 019 - sumaPromedioWhile", "POO - 019 - sumaPromedioWhile\POO - 019 - sumaPromedioWhile.csproj", "{5C09ADB3-D2F7-49A4-ABB4-C7FBBFF64ABD}"
EndProject
Global
	GlobalSection(SolutionConfigurationPlatforms) = preSolution
		Debug|Any CPU = Debug|Any CPU
		Release|Any CPU = Release|Any CPU
	EndGlobalSection
	GlobalSection(ProjectConfigurationPlatforms) = postSolution
		{5C09ADB3-D2F7-49A4-ABB4-C7FBBFF64ABD}.Debug|Any CPU.ActiveCfg = Debug|Any CPU
		{5C09ADB3-D2F7-49A4-ABB4-C7FBBFF64ABD}.Debug|Any CPU.Build.0 = Debug|Any CPU
		{5C09ADB3-D2F7-49A4-ABB4-C7FBBFF64ABD}.Release|Any CPU.ActiveCfg = Release|Any CPU
		{5C09ADB3-D2F7-49A4-ABB4-C7FBBFF64ABD}.Release|Any CPU.Build.0 = Release|Any CPU
	EndGlobalSection
	GlobalSection(SolutionProperties) = preSolution
		HideSolutionNode = FALSE
	EndGlobalSection
	GlobalSection(ExtensibilityGlobals) = postSolution
		SolutionGuid = {8C684ABB-D028-4C5F-BB15-B83DB6C13D7C}
	EndGlobalSection
EndGlobal
