
Microsoft Visual Studio Solution File, Format Version 12.00
# Visual Studio Version 17
VisualStudioVersion = 17.0.32112.339
MinimumVisualStudioVersion = 10.0.40219.1
Project("{FAE04EC0-301F-11D3-BF4B-00C04F79EFBC}") = "POO - 030 - apellidosCadena", "POO - 030 - apellidosCadena\POO - 030 - apellidosCadena.csproj", "{2C718DE5-A70C-4CC5-AB3D-79FBAB6A7371}"
EndProject
Global
	GlobalSection(SolutionConfigurationPlatforms) = preSolution
		Debug|Any CPU = Debug|Any CPU
		Release|Any CPU = Release|Any CPU
	EndGlobalSection
	GlobalSection(ProjectConfigurationPlatforms) = postSolution
		{2C718DE5-A70C-4CC5-AB3D-79FBAB6A7371}.Debug|Any CPU.ActiveCfg = Debug|Any CPU
		{2C718DE5-A70C-4CC5-AB3D-79FBAB6A7371}.Debug|Any CPU.Build.0 = Debug|Any CPU
		{2C718DE5-A70C-4CC5-AB3D-79FBAB6A7371}.Release|Any CPU.ActiveCfg = Release|Any CPU
		{2C718DE5-A70C-4CC5-AB3D-79FBAB6A7371}.Release|Any CPU.Build.0 = Release|Any CPU
	EndGlobalSection
	GlobalSection(SolutionProperties) = preSolution
		HideSolutionNode = FALSE
	EndGlobalSection
	GlobalSection(ExtensibilityGlobals) = postSolution
		SolutionGuid = {0C127966-4C2E-4E34-845D-534DE45CCBB1}
	EndGlobalSection
EndGlobal
