
Microsoft Visual Studio Solution File, Format Version 12.00
# Visual Studio Version 17
VisualStudioVersion = 17.0.32112.339
MinimumVisualStudioVersion = 10.0.40219.1
Project("{FAE04EC0-301F-11D3-BF4B-00C04F79EFBC}") = "VPOO - 015 - 10numerosVECTORES", "VPOO - 015 - 10numerosVECTORES\VPOO - 015 - 10numerosVECTORES.csproj", "{327430FE-BA86-4608-85ED-622C74800D66}"
EndProject
Global
	GlobalSection(SolutionConfigurationPlatforms) = preSolution
		Debug|Any CPU = Debug|Any CPU
		Release|Any CPU = Release|Any CPU
	EndGlobalSection
	GlobalSection(ProjectConfigurationPlatforms) = postSolution
		{327430FE-BA86-4608-85ED-622C74800D66}.Debug|Any CPU.ActiveCfg = Debug|Any CPU
		{327430FE-BA86-4608-85ED-622C74800D66}.Debug|Any CPU.Build.0 = Debug|Any CPU
		{327430FE-BA86-4608-85ED-622C74800D66}.Release|Any CPU.ActiveCfg = Release|Any CPU
		{327430FE-BA86-4608-85ED-622C74800D66}.Release|Any CPU.Build.0 = Release|Any CPU
	EndGlobalSection
	GlobalSection(SolutionProperties) = preSolution
		HideSolutionNode = FALSE
	EndGlobalSection
	GlobalSection(ExtensibilityGlobals) = postSolution
		SolutionGuid = {9C5E1CBB-6725-4BD3-97F3-3E81D49ECDA5}
	EndGlobalSection
EndGlobal
