
Microsoft Visual Studio Solution File, Format Version 12.00
# Visual Studio Version 17
VisualStudioVersion = 17.0.32112.339
MinimumVisualStudioVersion = 10.0.40219.1
Project("{FAE04EC0-301F-11D3-BF4B-00C04F79EFBC}") = "POO - 017 - 100NumerosWhile", "POO - 017 - 100NumerosWhile\POO - 017 - 100NumerosWhile.csproj", "{6E3A9A0F-DCFD-4E72-835D-954B945D703E}"
EndProject
Global
	GlobalSection(SolutionConfigurationPlatforms) = preSolution
		Debug|Any CPU = Debug|Any CPU
		Release|Any CPU = Release|Any CPU
	EndGlobalSection
	GlobalSection(ProjectConfigurationPlatforms) = postSolution
		{6E3A9A0F-DCFD-4E72-835D-954B945D703E}.Debug|Any CPU.ActiveCfg = Debug|Any CPU
		{6E3A9A0F-DCFD-4E72-835D-954B945D703E}.Debug|Any CPU.Build.0 = Debug|Any CPU
		{6E3A9A0F-DCFD-4E72-835D-954B945D703E}.Release|Any CPU.ActiveCfg = Release|Any CPU
		{6E3A9A0F-DCFD-4E72-835D-954B945D703E}.Release|Any CPU.Build.0 = Release|Any CPU
	EndGlobalSection
	GlobalSection(SolutionProperties) = preSolution
		HideSolutionNode = FALSE
	EndGlobalSection
	GlobalSection(ExtensibilityGlobals) = postSolution
		SolutionGuid = {4FDCB342-241F-4EBA-A355-3BE1BD3A1212}
	EndGlobalSection
EndGlobal
