
Microsoft Visual Studio Solution File, Format Version 12.00
# Visual Studio Version 17
VisualStudioVersion = 17.0.32112.339
MinimumVisualStudioVersion = 10.0.40219.1
Project("{FAE04EC0-301F-11D3-BF4B-00C04F79EFBC}") = "VPOO - 012 - ochoVECTORES", "VPOO - 012 - ochoVECTORES\VPOO - 012 - ochoVECTORES.csproj", "{65C79C0A-8689-4FC3-A862-F20AE7806499}"
EndProject
Global
	GlobalSection(SolutionConfigurationPlatforms) = preSolution
		Debug|Any CPU = Debug|Any CPU
		Release|Any CPU = Release|Any CPU
	EndGlobalSection
	GlobalSection(ProjectConfigurationPlatforms) = postSolution
		{65C79C0A-8689-4FC3-A862-F20AE7806499}.Debug|Any CPU.ActiveCfg = Debug|Any CPU
		{65C79C0A-8689-4FC3-A862-F20AE7806499}.Debug|Any CPU.Build.0 = Debug|Any CPU
		{65C79C0A-8689-4FC3-A862-F20AE7806499}.Release|Any CPU.ActiveCfg = Release|Any CPU
		{65C79C0A-8689-4FC3-A862-F20AE7806499}.Release|Any CPU.Build.0 = Release|Any CPU
	EndGlobalSection
	GlobalSection(SolutionProperties) = preSolution
		HideSolutionNode = FALSE
	EndGlobalSection
	GlobalSection(ExtensibilityGlobals) = postSolution
		SolutionGuid = {BBBB1852-1FF8-4317-A7E3-A4D8AD40775C}
	EndGlobalSection
EndGlobal
