
Microsoft Visual Studio Solution File, Format Version 12.00
# Visual Studio Version 17
VisualStudioVersion = 17.0.32112.339
MinimumVisualStudioVersion = 10.0.40219.1
Project("{FAE04EC0-301F-11D3-BF4B-00C04F79EFBC}") = "VPOO - 002 - trianguloClase", "VPOO - 002 - trianguloClase\VPOO - 002 - trianguloClase.csproj", "{44A1A985-2DB9-46A1-8FAB-715ECD099980}"
EndProject
Global
	GlobalSection(SolutionConfigurationPlatforms) = preSolution
		Debug|Any CPU = Debug|Any CPU
		Release|Any CPU = Release|Any CPU
	EndGlobalSection
	GlobalSection(ProjectConfigurationPlatforms) = postSolution
		{44A1A985-2DB9-46A1-8FAB-715ECD099980}.Debug|Any CPU.ActiveCfg = Debug|Any CPU
		{44A1A985-2DB9-46A1-8FAB-715ECD099980}.Debug|Any CPU.Build.0 = Debug|Any CPU
		{44A1A985-2DB9-46A1-8FAB-715ECD099980}.Release|Any CPU.ActiveCfg = Release|Any CPU
		{44A1A985-2DB9-46A1-8FAB-715ECD099980}.Release|Any CPU.Build.0 = Release|Any CPU
	EndGlobalSection
	GlobalSection(SolutionProperties) = preSolution
		HideSolutionNode = FALSE
	EndGlobalSection
	GlobalSection(ExtensibilityGlobals) = postSolution
		SolutionGuid = {3922774D-A1F1-4E2B-9CBE-A099C7C4477F}
	EndGlobalSection
EndGlobal
