
Microsoft Visual Studio Solution File, Format Version 12.00
# Visual Studio Version 17
VisualStudioVersion = 17.0.32112.339
MinimumVisualStudioVersion = 10.0.40219.1
Project("{FAE04EC0-301F-11D3-BF4B-00C04F79EFBC}") = "POO - 014 - Mayor3Numeros", "POO - 014 - Mayor3Numeros\POO - 014 - Mayor3Numeros.csproj", "{A2679E56-DECF-4405-9C7E-63EAF080720F}"
EndProject
Global
	GlobalSection(SolutionConfigurationPlatforms) = preSolution
		Debug|Any CPU = Debug|Any CPU
		Release|Any CPU = Release|Any CPU
	EndGlobalSection
	GlobalSection(ProjectConfigurationPlatforms) = postSolution
		{A2679E56-DECF-4405-9C7E-63EAF080720F}.Debug|Any CPU.ActiveCfg = Debug|Any CPU
		{A2679E56-DECF-4405-9C7E-63EAF080720F}.Debug|Any CPU.Build.0 = Debug|Any CPU
		{A2679E56-DECF-4405-9C7E-63EAF080720F}.Release|Any CPU.ActiveCfg = Release|Any CPU
		{A2679E56-DECF-4405-9C7E-63EAF080720F}.Release|Any CPU.Build.0 = Release|Any CPU
	EndGlobalSection
	GlobalSection(SolutionProperties) = preSolution
		HideSolutionNode = FALSE
	EndGlobalSection
	GlobalSection(ExtensibilityGlobals) = postSolution
		SolutionGuid = {C2091A35-4E89-4FEB-8ADC-295597EF4A7E}
	EndGlobalSection
EndGlobal
