
Microsoft Visual Studio Solution File, Format Version 12.00
# Visual Studio Version 17
VisualStudioVersion = 17.0.32112.339
MinimumVisualStudioVersion = 10.0.40219.1
Project("{FAE04EC0-301F-11D3-BF4B-00C04F79EFBC}") = "POO - 007 - PerimetroCuadrado", "POO - 007 - PerimetroCuadrado\POO - 007 - PerimetroCuadrado.csproj", "{947DF328-64A0-4951-9C08-9D09EAE33221}"
EndProject
Global
	GlobalSection(SolutionConfigurationPlatforms) = preSolution
		Debug|Any CPU = Debug|Any CPU
		Release|Any CPU = Release|Any CPU
	EndGlobalSection
	GlobalSection(ProjectConfigurationPlatforms) = postSolution
		{947DF328-64A0-4951-9C08-9D09EAE33221}.Debug|Any CPU.ActiveCfg = Debug|Any CPU
		{947DF328-64A0-4951-9C08-9D09EAE33221}.Debug|Any CPU.Build.0 = Debug|Any CPU
		{947DF328-64A0-4951-9C08-9D09EAE33221}.Release|Any CPU.ActiveCfg = Release|Any CPU
		{947DF328-64A0-4951-9C08-9D09EAE33221}.Release|Any CPU.Build.0 = Release|Any CPU
	EndGlobalSection
	GlobalSection(SolutionProperties) = preSolution
		HideSolutionNode = FALSE
	EndGlobalSection
	GlobalSection(ExtensibilityGlobals) = postSolution
		SolutionGuid = {77D801CB-C169-4899-A686-CDAD828AC5B1}
	EndGlobalSection
EndGlobal
