
Microsoft Visual Studio Solution File, Format Version 12.00
# Visual Studio Version 17
VisualStudioVersion = 17.0.32112.339
MinimumVisualStudioVersion = 10.0.40219.1
Project("{FAE04EC0-301F-11D3-BF4B-00C04F79EFBC}") = "POO - 023 - notasAlumnosFOR", "POO - 023 - notasAlumnosFOR\POO - 023 - notasAlumnosFOR.csproj", "{BFB296D9-1EC2-485D-A64D-6FB45E302E38}"
EndProject
Global
	GlobalSection(SolutionConfigurationPlatforms) = preSolution
		Debug|Any CPU = Debug|Any CPU
		Release|Any CPU = Release|Any CPU
	EndGlobalSection
	GlobalSection(ProjectConfigurationPlatforms) = postSolution
		{BFB296D9-1EC2-485D-A64D-6FB45E302E38}.Debug|Any CPU.ActiveCfg = Debug|Any CPU
		{BFB296D9-1EC2-485D-A64D-6FB45E302E38}.Debug|Any CPU.Build.0 = Debug|Any CPU
		{BFB296D9-1EC2-485D-A64D-6FB45E302E38}.Release|Any CPU.ActiveCfg = Release|Any CPU
		{BFB296D9-1EC2-485D-A64D-6FB45E302E38}.Release|Any CPU.Build.0 = Release|Any CPU
	EndGlobalSection
	GlobalSection(SolutionProperties) = preSolution
		HideSolutionNode = FALSE
	EndGlobalSection
	GlobalSection(ExtensibilityGlobals) = postSolution
		SolutionGuid = {1385C41B-1BD8-48B2-8C4C-076C328ACCC9}
	EndGlobalSection
EndGlobal
